{
  "name": "uvxol",
  "version": "1.0.0",
  "lockfileVersion": 1,
  "requires": true,
  "dependencies": {
    "@types/node": {
      "version": "12.6.8",
      "resolved": "https://registry.npmjs.org/@types/node/-/node-12.6.8.tgz",
      "integrity": "sha512-aX+gFgA5GHcDi89KG5keey2zf0WfZk/HAQotEamsK2kbey+8yGKcson0hbK8E+v0NArlCJQCqMP161YhV6ZXLg==",
      "dev": true
    },
    "fp-ts": {
      "version": "2.0.3",
      "resolved": "https://registry.npmjs.org/fp-ts/-/fp-ts-2.0.3.tgz",
      "integrity": "sha512-b/WPo5AVPDYbdye/AGOMST/tqudtgbpMjm3TJGkd36ROihD67UEKFeUH83V3iSdrIG4wwoFsd6lLpjtpek1oVw=="
    }
  }
}
